
Microsoft Visual Studio Solution File, Format Version 12.00
# Visual Studio Version 17
VisualStudioVersion = 17.8.34322.80
MinimumVisualStudioVersion = 10.0.40219.1
Project("{9A19103F-16F7-4668-BE54-9A1E7A4F7556}") = "ShoppingBot", "ShoppingBot\ShoppingBot.csproj", "{B5545409-0197-4CB6-9799-66FF97A5B578}"
EndProject
Global
	GlobalSection(SolutionConfigurationPlatforms) = preSolution
		Debug|Any CPU = Debug|Any CPU
		Release|Any CPU = Release|Any CPU
	EndGlobalSection
	GlobalSection(ProjectConfigurationPlatforms) = postSolution
		{B5545409-0197-4CB6-9799-66FF97A5B578}.Debug|Any CPU.ActiveCfg = Debug|Any CPU
		{B5545409-0197-4CB6-9799-66FF97A5B578}.Debug|Any CPU.Build.0 = Debug|Any CPU
		{B5545409-0197-4CB6-9799-66FF97A5B578}.Release|Any CPU.ActiveCfg = Release|Any CPU
		{B5545409-0197-4CB6-9799-66FF97A5B578}.Release|Any CPU.Build.0 = Release|Any CPU
	EndGlobalSection
	GlobalSection(SolutionProperties) = preSolution
		HideSolutionNode = FALSE
	EndGlobalSection
	GlobalSection(ExtensibilityGlobals) = postSolution
		SolutionGuid = {12FE7C14-55D7-417D-8F0F-69AB7A19F342}
	EndGlobalSection
EndGlobal
